# This file is automatically @generated by Cargo.
# It is not intended for manual editing.
version = 4

[[package]]
name = "rssh-app"
version = "0.1.0"

[[package]]
name = "rssh-core"
version = "0.1.0"

[[package]]
name = "rssh-pty"
version = "0.1.0"

[[package]]
name = "rssh-renderer"
version = "0.1.0"

[[package]]
name = "rssh-ssh"
version = "0.1.0"
dependencies = [
 "rssh-core",
]

[[package]]
name = "rssh-terminal"
version = "0.1.0"
dependencies = [
 "rssh-core",
]
